<?xml version="1.0" encoding="utf-8"?>
<Project ToolsVersion="4.0" xmlns="http://schemas.microsoft.com/developer/msbuild/2003">
  <ItemGroup>
    <ClCompile Include="src\ofApp.cpp">
      <Filter>src</Filter>
    </ClCompile>
    <ClCompile Include="src\main.cpp">
      <Filter>src</Filter>
    </ClCompile>
    <ClCompile Include="F:\FrameWorks\of_v0.9.3_vs_release\addons\ofxThreadedImageLoader\src\ofxThreadedImageLoader.cpp">
      <Filter>addons\ofxThreadedImageLoader\src</Filter>
    </ClCompile>
    <ClCompile Include="F:\FrameWorks\of_v0.9.3_vs_release\addons\ofxGui\src\ofxSlider.cpp">
      <Filter>addons\ofxGui\src</Filter>
    </ClCompile>
    <ClCompile Include="F:\FrameWorks\of_v0.9.3_vs_release\addons\ofxGui\src\ofxLabel.cpp">
      <Filter>addons\ofxGui\src</Filter>
    </ClCompile>
    <ClCompile Include="F:\FrameWorks\of_v0.9.3_vs_release\addons\ofxGui\src\ofxGuiGroup.cpp">
      <Filter>addons\ofxGui\src</Filter>
    </ClCompile>
    <ClCompile Include="F:\FrameWorks\of_v0.9.3_vs_release\addons\ofxGui\src\ofxToggle.cpp">
      <Filter>addons\ofxGui\src</Filter>
    </ClCompile>
    <ClCompile Include="F:\FrameWorks\of_v0.9.3_vs_release\addons\ofxGui\src\ofxSliderGroup.cpp">
      <Filter>addons\ofxGui\src</Filter>
    </ClCompile>
    <ClCompile Include="F:\FrameWorks\of_v0.9.3_vs_release\addons\ofxGui\src\ofxButton.cpp">
      <Filter>addons\ofxGui\src</Filter>
    </ClCompile>
    <ClCompile Include="F:\FrameWorks\of_v0.9.3_vs_release\addons\ofxGui\src\ofxBaseGui.cpp">
      <Filter>addons\ofxGui\src</Filter>
    </ClCompile>
    <ClCompile Include="F:\FrameWorks\of_v0.9.3_vs_release\addons\ofxGui\src\ofxPanel.cpp">
      <Filter>addons\ofxGui\src</Filter>
    </ClCompile>
    <ClCompile Include="F:\FrameWorks\of_v0.9.3_vs_release\addons\ofxVectorGraphics\src\ofxVectorGraphics.cpp">
      <Filter>addons\ofxVectorGraphics\src</Filter>
    </ClCompile>
    <ClCompile Include="F:\FrameWorks\of_v0.9.3_vs_release\addons\ofxVectorGraphics\libs\CreEPS.cpp">
      <Filter>addons\ofxVectorGraphics\libs</Filter>
    </ClCompile>
  </ItemGroup>
  <ItemGroup>
    <Filter Include="src">
      <UniqueIdentifier>{d8376475-7454-4a24-b08a-aac121d3ad6f}</UniqueIdentifier>
    </Filter>
    <Filter Include="addons">
      <UniqueIdentifier>{3e159462-d165-447c-90a8-dfd1f7672072}</UniqueIdentifier>
    </Filter>
    <Filter Include="addons\ofxThreadedImageLoader">
      <UniqueIdentifier>{4eb4d2d2-7da9-4884-a686-2bf81f77fa4c}</UniqueIdentifier>
    </Filter>
    <Filter Include="addons\ofxThreadedImageLoader\src">
      <UniqueIdentifier>{211963c6-2351-4367-bafd-28f0d618ffe4}</UniqueIdentifier>
    </Filter>
    <Filter Include="addons\ofxGui">
      <UniqueIdentifier>{9213c3b8-cc81-44be-a978-453b0d7b32e1}</UniqueIdentifier>
    </Filter>
    <Filter Include="addons\ofxGui\src">
      <UniqueIdentifier>{5de18183-ecd2-42f3-bcaf-c5377e653512}</UniqueIdentifier>
    </Filter>
    <Filter Include="addons\ofxVectorGraphics">
      <UniqueIdentifier>{e8ee98ef-d8bf-41c0-9b27-c4c068e722ad}</UniqueIdentifier>
    </Filter>
    <Filter Include="addons\ofxVectorGraphics\src">
      <UniqueIdentifier>{b38b1102-d32e-4ee2-b41c-04d481f09f3f}</UniqueIdentifier>
    </Filter>
    <Filter Include="addons\ofxVectorGraphics\libs">
      <UniqueIdentifier>{7ae210a9-4bc4-4a63-9bd6-04ab76664384}</UniqueIdentifier>
    </Filter>
  </ItemGroup>
  <ItemGroup>
    <ClInclude Include="src\ofApp.h">
      <Filter>src</Filter>
    </ClInclude>
    <ClInclude Include="F:\FrameWorks\of_v0.9.3_vs_release\addons\ofxThreadedImageLoader\src\ofxThreadedImageLoader.h">
      <Filter>addons\ofxThreadedImageLoader\src</Filter>
    </ClInclude>
    <ClInclude Include="F:\FrameWorks\of_v0.9.3_vs_release\addons\ofxGui\src\ofxBaseGui.h">
      <Filter>addons\ofxGui\src</Filter>
    </ClInclude>
    <ClInclude Include="F:\FrameWorks\of_v0.9.3_vs_release\addons\ofxGui\src\ofxGui.h">
      <Filter>addons\ofxGui\src</Filter>
    </ClInclude>
    <ClInclude Include="F:\FrameWorks\of_v0.9.3_vs_release\addons\ofxGui\src\ofxSlider.h">
      <Filter>addons\ofxGui\src</Filter>
    </ClInclude>
    <ClInclude Include="F:\FrameWorks\of_v0.9.3_vs_release\addons\ofxGui\src\ofxPanel.h">
      <Filter>addons\ofxGui\src</Filter>
    </ClInclude>
    <ClInclude Include="F:\FrameWorks\of_v0.9.3_vs_release\addons\ofxGui\src\ofxToggle.h">
      <Filter>addons\ofxGui\src</Filter>
    </ClInclude>
    <ClInclude Include="F:\FrameWorks\of_v0.9.3_vs_release\addons\ofxGui\src\ofxGuiGroup.h">
      <Filter>addons\ofxGui\src</Filter>
    </ClInclude>
    <ClInclude Include="F:\FrameWorks\of_v0.9.3_vs_release\addons\ofxGui\src\ofxSliderGroup.h">
      <Filter>addons\ofxGui\src</Filter>
    </ClInclude>
    <ClInclude Include="F:\FrameWorks\of_v0.9.3_vs_release\addons\ofxGui\src\ofxButton.h">
      <Filter>addons\ofxGui\src</Filter>
    </ClInclude>
    <ClInclude Include="F:\FrameWorks\of_v0.9.3_vs_release\addons\ofxGui\src\ofxLabel.h">
      <Filter>addons\ofxGui\src</Filter>
    </ClInclude>
    <ClInclude Include="F:\FrameWorks\of_v0.9.3_vs_release\addons\ofxVectorGraphics\src\ofxVectorGraphics.h">
      <Filter>addons\ofxVectorGraphics\src</Filter>
    </ClInclude>
    <ClInclude Include="F:\FrameWorks\of_v0.9.3_vs_release\addons\ofxVectorGraphics\libs\CreEPS_Types.hpp">
      <Filter>addons\ofxVectorGraphics\libs</Filter>
    </ClInclude>
    <ClInclude Include="F:\FrameWorks\of_v0.9.3_vs_release\addons\ofxVectorGraphics\libs\CreEPS.hpp">
      <Filter>addons\ofxVectorGraphics\libs</Filter>
    </ClInclude>
  </ItemGroup>
  <ItemGroup>
    <ResourceCompile Include="icon.rc" />
  </ItemGroup>
</Project>